{
  "version": 4,
  "terraform_version": "0.12.25",
  "serial": 5,
  "lineage": "23fb1c1b-3eaa-1dfe-ab2c-adb2fc851ad4",
  "outputs": {
    "storage_primary_access_key": {
      "value": "k+JouKfq6BZ7vgD/E+4Fjxzx6M+fg5JNMDeagU1nZNe/DgQMwo85LTZCOiMIUS4QVhwlhgD6ywgCXKYtOk2tFQ==",
      "type": "string"
    },
    "storage_primary_blob_connection_string": {
      "value": "DefaultEndpointsProtocol=https;BlobEndpoint=https://mytfprojectsa.blob.core.windows.net/;AccountName=mytfprojectsa;AccountKey=k+JouKfq6BZ7vgD/E+4Fjxzx6M+fg5JNMDeagU1nZNe/DgQMwo85LTZCOiMIUS4QVhwlhgD6ywgCXKYtOk2tFQ==",
      "type": "string"
    },
    "storage_primary_connection_string": {
      "value": "DefaultEndpointsProtocol=https;AccountName=mytfprojectsa;AccountKey=k+JouKfq6BZ7vgD/E+4Fjxzx6M+fg5JNMDeagU1nZNe/DgQMwo85LTZCOiMIUS4QVhwlhgD6ywgCXKYtOk2tFQ==;EndpointSuffix=core.windows.net",
      "type": "string"
    }
  },
  "resources": [
    {
      "mode": "managed",
      "type": "azurerm_resource_group",
      "name": "mytfprojectrg",
      "provider": "provider.azurerm",
      "instances": [
        {
          "schema_version": 0,
          "attributes": {
            "id": "/subscriptions/432358e4-068f-47b1-850a-9a94ab04ad9a/resourceGroups/mytfprojectrg",
            "location": "eastus",
            "name": "mytfprojectrg",
            "tags": {
              "CostCenter": "Azure Team",
              "Environment": "DEV",
              "Managedby": "jamel.achahbar@dxc.com",
              "Provisionedby": "Terraform"
            },
            "timeouts": null
          },
          "private": "eyJlMmJmYjczMC1lY2FhLTExZTYtOGY4OC0zNDM2M2JjN2M0YzAiOnsiY3JlYXRlIjo1NDAwMDAwMDAwMDAwLCJkZWxldGUiOjU0MDAwMDAwMDAwMDAsInJlYWQiOjMwMDAwMDAwMDAwMCwidXBkYXRlIjo1NDAwMDAwMDAwMDAwfX0="
        }
      ]
    },
    {
      "mode": "managed",
      "type": "azurerm_storage_account",
      "name": "mytfprojectsa",
      "provider": "provider.azurerm",
      "instances": [
        {
          "schema_version": 2,
          "attributes": {
            "access_tier": "Hot",
            "account_kind": "StorageV2",
            "account_replication_type": "GRS",
            "account_tier": "Standard",
            "blob_properties": [],
            "custom_domain": [],
            "enable_https_traffic_only": true,
            "id": "/subscriptions/432358e4-068f-47b1-850a-9a94ab04ad9a/resourceGroups/mytfprojectrg/providers/Microsoft.Storage/storageAccounts/mytfprojectsa",
            "identity": [],
            "is_hns_enabled": false,
            "location": "eastus",
            "name": "mytfprojectsa",
            "network_rules": [
              {
                "bypass": [
                  "AzureServices"
                ],
                "default_action": "Allow",
                "ip_rules": [],
                "virtual_network_subnet_ids": []
              }
            ],
            "primary_access_key": "k+JouKfq6BZ7vgD/E+4Fjxzx6M+fg5JNMDeagU1nZNe/DgQMwo85LTZCOiMIUS4QVhwlhgD6ywgCXKYtOk2tFQ==",
            "primary_blob_connection_string": "DefaultEndpointsProtocol=https;BlobEndpoint=https://mytfprojectsa.blob.core.windows.net/;AccountName=mytfprojectsa;AccountKey=k+JouKfq6BZ7vgD/E+4Fjxzx6M+fg5JNMDeagU1nZNe/DgQMwo85LTZCOiMIUS4QVhwlhgD6ywgCXKYtOk2tFQ==",
            "primary_blob_endpoint": "https://mytfprojectsa.blob.core.windows.net/",
            "primary_blob_host": "mytfprojectsa.blob.core.windows.net",
            "primary_connection_string": "DefaultEndpointsProtocol=https;AccountName=mytfprojectsa;AccountKey=k+JouKfq6BZ7vgD/E+4Fjxzx6M+fg5JNMDeagU1nZNe/DgQMwo85LTZCOiMIUS4QVhwlhgD6ywgCXKYtOk2tFQ==;EndpointSuffix=core.windows.net",
            "primary_dfs_endpoint": "https://mytfprojectsa.dfs.core.windows.net/",
            "primary_dfs_host": "mytfprojectsa.dfs.core.windows.net",
            "primary_file_endpoint": "https://mytfprojectsa.file.core.windows.net/",
            "primary_file_host": "mytfprojectsa.file.core.windows.net",
            "primary_location": "eastus",
            "primary_queue_endpoint": "https://mytfprojectsa.queue.core.windows.net/",
            "primary_queue_host": "mytfprojectsa.queue.core.windows.net",
            "primary_table_endpoint": "https://mytfprojectsa.table.core.windows.net/",
            "primary_table_host": "mytfprojectsa.table.core.windows.net",
            "primary_web_endpoint": "https://mytfprojectsa.z13.web.core.windows.net/",
            "primary_web_host": "mytfprojectsa.z13.web.core.windows.net",
            "queue_properties": [
              {
                "cors_rule": [],
                "hour_metrics": [
                  {
                    "enabled": true,
                    "include_apis": true,
                    "retention_policy_days": 7,
                    "version": "1.0"
                  }
                ],
                "logging": [
                  {
                    "delete": false,
                    "read": false,
                    "retention_policy_days": 0,
                    "version": "1.0",
                    "write": false
                  }
                ],
                "minute_metrics": [
                  {
                    "enabled": false,
                    "include_apis": false,
                    "retention_policy_days": 0,
                    "version": "1.0"
                  }
                ]
              }
            ],
            "resource_group_name": "mytfprojectrg",
            "secondary_access_key": "x/y6LxQklllogYjQ7mA1TVv9YMDvHD8UkOHBexJ5Ab/g2UoIxmprJ18yPCvTnMVhVuZG/75kAUhxv2xovsn3Lw==",
            "secondary_blob_connection_string": "",
            "secondary_blob_endpoint": null,
            "secondary_blob_host": null,
            "secondary_connection_string": "DefaultEndpointsProtocol=https;AccountName=mytfprojectsa;AccountKey=x/y6LxQklllogYjQ7mA1TVv9YMDvHD8UkOHBexJ5Ab/g2UoIxmprJ18yPCvTnMVhVuZG/75kAUhxv2xovsn3Lw==;EndpointSuffix=core.windows.net",
            "secondary_dfs_endpoint": null,
            "secondary_dfs_host": null,
            "secondary_file_endpoint": null,
            "secondary_file_host": null,
            "secondary_location": "westus",
            "secondary_queue_endpoint": null,
            "secondary_queue_host": null,
            "secondary_table_endpoint": null,
            "secondary_table_host": null,
            "secondary_web_endpoint": null,
            "secondary_web_host": null,
            "static_website": [],
            "tags": {},
            "timeouts": null
          },
          "private": "eyJlMmJmYjczMC1lY2FhLTExZTYtOGY4OC0zNDM2M2JjN2M0YzAiOnsiY3JlYXRlIjozNjAwMDAwMDAwMDAwLCJkZWxldGUiOjM2MDAwMDAwMDAwMDAsInJlYWQiOjMwMDAwMDAwMDAwMCwidXBkYXRlIjozNjAwMDAwMDAwMDAwfSwic2NoZW1hX3ZlcnNpb24iOiIyIn0=",
          "dependencies": [
            "azurerm_resource_group.mytfprojectrg"
          ]
        }
      ]
    }
  ]
}
